{
  "lockfileVersion": 1,
  "configVersion": 1,
  "workspaces": {
    "": {
      "name": "korean-language-tutor",
      "dependencies": {
        "@vercel/connect": "1.0.0",
        "ai": "^7.0.90",
        "eve": "0.49.0",
        "just-bash": "^3.1.0",
        "zod": "^4.5.4",
      },
      "devDependencies": {
        "@types/node": "^24.0.0",
        "typescript": "^5.9.3",
      },
    },
  },
  "packages": {
    "@ai-sdk/gateway": ["@ai-sdk/gateway@4.0.72", "", { "dependencies": { "@ai-sdk/provider": "4.0.10", "@ai-sdk/provider-utils": "5.0.36", "@vercel/oidc": "3.2.0" }, "peerDependencies": { "zod": "^3.25.76 || ^4.1.8" } }, "sha512-iNNgagJ0+Ow1kdOFSyKPRk8kTh7qwhLZPLFdbXw4KMbMMF7JLzWlBSkyMSjh6U4O6D4D+76xj0HGws4JTLNeYA=="],

    "@ai-sdk/provider": ["@ai-sdk/provider@4.0.10", "", { "dependencies": { "json-schema": "^0.4.0" } }, "sha512-fX2ENAc7iDpZ+Wp4+Rk06Usn/Ys7dI9uAkGv0jlF6XVrW13NkRWx5Ou+U6lIM2E1fTLkCs16GGrUAaVvroag7A=="],

    "@ai-sdk/provider-utils": ["@ai-sdk/provider-utils@5.0.36", "", { "dependencies": { "@ai-sdk/provider": "4.0.10", "@standard-schema/spec": "^1.1.0", "@workflow/serde": "4.1.0", "eventsource-parser": "^3.0.8", "undici": "^7.29.0" }, "peerDependencies": { "zod": "^3.25.76 || ^4.1.8" } }, "sha512-MFXBn6XDyf37PNQAge/HTatPJE8Vmg/g/w4WPtjSV53jq8FKAzoaN5+43hsdQa9bqgN+/13jxug9ChvsG+godQ=="],

    "@borewit/text-codec": ["@borewit/text-codec@0.2.2", "", {}, "sha512-DDaRehssg1aNrH4+2hnj1B7vnUGEjU6OIlyRdkMd0aUdIUvKXrJfXsy8LVtXAy7DRvYVluWbMspsRhz2lcW0mQ=="],

    "@jitl/quickjs-ffi-types": ["@jitl/quickjs-ffi-types@0.32.0", "", {}, "sha512-v9T+GQpmk43VDJ7d72sf0Nexhk+ArvtUihW27dy7lqAl0zBObFKtSBBIm5RBjwIhE8VwsPPm9PNuvPvNqLWUEg=="],

    "@jitl/quickjs-wasmfile-debug-asyncify": ["@jitl/quickjs-wasmfile-debug-asyncify@0.32.0", "", { "dependencies": { "@jitl/quickjs-ffi-types": "0.32.0" } }, "sha512-EX8zbXwGqCgAE764M+qvkHtyXDi/FUoMBea0JnES7vCM3P7a2+EOZOjGv85wtZ2sJhI1oJ+nekmqpOODFDY+hw=="],

    "@jitl/quickjs-wasmfile-debug-sync": ["@jitl/quickjs-wasmfile-debug-sync@0.32.0", "", { "dependencies": { "@jitl/quickjs-ffi-types": "0.32.0" } }, "sha512-LeYWrPGC1uNCTBWvibo3ZLJj0CSVNYUXvJpXMCmuQ5Sap2cCACc3uvGvYV4homHHBAzfw5akoTqMMS4YFRtw+Q=="],

    "@jitl/quickjs-wasmfile-release-asyncify": ["@jitl/quickjs-wasmfile-release-asyncify@0.32.0", "", { "dependencies": { "@jitl/quickjs-ffi-types": "0.32.0" } }, "sha512-3oSwPfja12ICz4aIblB58cuY8JlEq5Txt8Cut4VLo+LH47QN+mzCnSgnbB03hWzg1LBcc+VyyI9UOag7a1NF+Q=="],

    "@jitl/quickjs-wasmfile-release-sync": ["@jitl/quickjs-wasmfile-release-sync@0.32.0", "", { "dependencies": { "@jitl/quickjs-ffi-types": "0.32.0" } }, "sha512-BKNDI/TPBfGlLNGYpLrhcDGXmIk4xHm4MRAisOBnOzpXVn9HZWsfmMAc9WMBrAHjvvds6HOikKeaOBKdPdpVrg=="],

    "@mixmark-io/domino": ["@mixmark-io/domino@2.2.0", "", {}, "sha512-Y28PR25bHXUg88kCV7nivXrP2Nj2RueZ3/l/jdx6J9f8J4nsEGcgX0Qe6lt7Pa+J79+kPiJU3LguR6O/6zrLOw=="],

    "@mongodb-js/zstd": ["@mongodb-js/zstd@7.0.0", "", { "dependencies": { "node-addon-api": "^8.5.0", "prebuild-install": "^7.1.3" } }, "sha512-mQ2s0pYYiav+tzCDR05Zptem8Ey2v8s11lri5RKGhTtL4COVCvVCk5vtyRYNT+9L8qSfyOqqefF9UtnW8mC5jA=="],

    "@nodable/entities": ["@nodable/entities@3.0.0", "", {}, "sha512-8L9xFeTYKhm49xfIypoe2W5wV1m/3Z58kT+7kR9A8OyFxcPduI4VmxaUMQyKYrRjUoLLSXv6EKKID5Tvj9cUVw=="],

    "@oxc-project/types": ["@oxc-project/types@0.147.0", "", {}, "sha512-IJ3s6ltHLp45S0bh7phkX+gJO7A1Wuz2EaqpAhb8WjqDwbzMiWKHhyyT42tskaWjEYXtHtVCPpnBJVT9+dcRLg=="],

    "@rolldown/binding-android-arm-eabi": ["@rolldown/binding-android-arm-eabi@1.2.6", "", { "os": "android", "cpu": "arm" }, "sha512-b+jTcARdTiFLI6jB4a5XjTm0RWd6KcRfQj/I2356fxUZemiho9zQLxo0RtCuMDAyKcLo6cEltkgbQp6d1+sjjQ=="],

    "@rolldown/binding-android-arm64": ["@rolldown/binding-android-arm64@1.2.6", "", { "os": "android", "cpu": "arm64" }, "sha512-lkWU8ZJaRk9q3CIEY1Tc7vIFALp3Xw5NfGJo2hQg5oIqNgxWi1zI+IiDEK3r70BF5Dzol1tcXsnzsRc8NLhG+Q=="],

    "@rolldown/binding-darwin-arm64": ["@rolldown/binding-darwin-arm64@1.2.6", "", { "os": "darwin", "cpu": "arm64" }, "sha512-dgR56NYnvAszm7Ob1B2/Vn0e8bUQYZH2UjVaMMtMVOCKFSfjhfLmuA/9+O+F+ajUdG6B/bSssrKW6JJYASa8jA=="],

    "@rolldown/binding-darwin-x64": ["@rolldown/binding-darwin-x64@1.2.6", "", { "os": "darwin", "cpu": "x64" }, "sha512-vpVxFvUCFioJqug7OTvqptkc4yb8UX0AwfDmJpaR/0sWz+BUmqSVAf7c8JkUgnN8YLspb4a/N6NhTyMAmdyQ7Q=="],

    "@rolldown/binding-freebsd-x64": ["@rolldown/binding-freebsd-x64@1.2.6", "", { "os": "freebsd", "cpu": "x64" }, "sha512-h1wG6Y6K3JlRswxsI64qQJqBAy4vrLuHgRbc8CZMGSWTOFRY6ghMApM1NKzB2I0n5xV1fjkE18SuVl2QpLeNpA=="],

    "@rolldown/binding-linux-arm-gnueabihf": ["@rolldown/binding-linux-arm-gnueabihf@1.2.6", "", { "os": "linux", "cpu": "arm" }, "sha512-tbCiqub0q2MVWJKgF5PoAlNWCtQydiOYSLIkd8sByqK/6MMYLJRcSXSYodqYtd0O+Fw7QaVmKKlS4oL94YRZ0w=="],

    "@rolldown/binding-linux-arm64-gnu": ["@rolldown/binding-linux-arm64-gnu@1.2.6", "", { "os": "linux", "cpu": "arm64" }, "sha512-oxK9+baEBPhZG5HB4URY+uU04zJWeZlH6Tb9rB5DK4DF9XR1uXNLXt5Q5ZsugTKayNCNLhkcwz/ye74hRI98dg=="],

    "@rolldown/binding-linux-arm64-musl": ["@rolldown/binding-linux-arm64-musl@1.2.6", "", { "os": "linux", "cpu": "arm64" }, "sha512-muWCk27FVBEZtv0MsK8gnfSmgczA8KQ0uRVJbTABKhkRfQc38aUrcb7fhi3BNiyseFmgcRsoMfQsSNJ+DbZdSw=="],

    "@rolldown/binding-linux-ppc64-gnu": ["@rolldown/binding-linux-ppc64-gnu@1.2.6", "", { "os": "linux", "cpu": "ppc64" }, "sha512-eWDoSfU7Co2qj3vgB3Dt4lj1mG6CoWbcJQkRMP3XJplyCMtuaq3LHvPFjS9QIPvMGWVadJC04Xiy0IdcVPtnwQ=="],

    "@rolldown/binding-linux-s390x-gnu": ["@rolldown/binding-linux-s390x-gnu@1.2.6", "", { "os": "linux", "cpu": "s390x" }, "sha512-2bWNjRSIayvupRKxXUY2tWG9fYdoUlTqWywHRvE8Eq3GvuQ+f2HeIkve697fIt+IQs/PV8yFsdWuhp1aJ1PdnA=="],

    "@rolldown/binding-linux-x64-gnu": ["@rolldown/binding-linux-x64-gnu@1.2.6", "", { "os": "linux", "cpu": "x64" }, "sha512-KekI0gS0wLxe1UBSQSjenBVwou/JkcQPDzBPICGZjxUv9k3RteHDPBQaiOicZUFKRIH2wKEimGwVpnJsbPzu7w=="],

    "@rolldown/binding-linux-x64-musl": ["@rolldown/binding-linux-x64-musl@1.2.6", "", { "os": "linux", "cpu": "x64" }, "sha512-TvtPnfVr+HtyGiDmPK4VWmlNm7QhNNAcK5Q9A7aOXsI8545yCyaoMaicXrFZ72JzeYjaUVk7yT243zT0jzjFKQ=="],

    "@rolldown/binding-openharmony-arm64": ["@rolldown/binding-openharmony-arm64@1.2.6", "", { "os": "none", "cpu": "arm64" }, "sha512-iOo0VEay2XFhaCcH0sps5XIimkSuOnNaZrf6+ZkoSOQBJPKNU48RkmJv0/lSpipexu5P+ouFgafe5IGr/DiQfg=="],

    "@rolldown/binding-win32-arm64-msvc": ["@rolldown/binding-win32-arm64-msvc@1.2.6", "", { "os": "win32", "cpu": "arm64" }, "sha512-y5NTmmasMS455JlOCO4ZM9krIchv3Mvm1crL1iUPGOPgEzSkves9n0SdC5Sjz6+qWDFhd8/JpfWMH8NSWNHe+A=="],

    "@rolldown/binding-win32-x64-msvc": ["@rolldown/binding-win32-x64-msvc@1.2.6", "", { "os": "win32", "cpu": "x64" }, "sha512-np8iZSLfXlAD4kWhiyq/u0Yt8oZDtRQ8lGhQaCXo2rl37KNjeU0GjJuwr4P3oeZ++ROfofsKNBqR5LTO8aXyWQ=="],

    "@rolldown/pluginutils": ["@rolldown/pluginutils@1.0.1", "", {}, "sha512-2j9bGt5Jh8hj+vPtgzPtl72j0yRxHAyumoo6TNfAjsLB04UtpSvPbPcDcBMxz7n+9CYB0c1GxQFxYRg2jimqGw=="],

    "@standard-schema/spec": ["@standard-schema/spec@1.1.0", "", {}, "sha512-l2aFy5jALhniG5HgqrD6jXLi/rUWrKvqN/qJx6yoJsgKhblVd+iqqU4RCXavm/jPityDo5TCvKMnpjKnOriy0w=="],

    "@tokenizer/inflate": ["@tokenizer/inflate@0.4.1", "", { "dependencies": { "debug": "^4.4.3", "token-types": "^6.1.1" } }, "sha512-2mAv+8pkG6GIZiF1kNg1jAjh27IDxEPKwdGul3snfztFerfPGI1LjDezZp3i7BElXompqEtPmoPx6c2wgtWsOA=="],

    "@tokenizer/token": ["@tokenizer/token@0.3.0", "", {}, "sha512-OvjF+z51L3ov0OyAU0duzsYuvO01PH7x4t6DJx+guahgTnBHkhJdG7soQeTSFLWN3efnHyibZ4Z8l2EuWwJN3A=="],

    "@types/node": ["@types/node@24.13.3", "", { "dependencies": { "undici-types": "~7.18.0" } }, "sha512-Dh8vAsV36ig5wa9OX4pXvMc9D3Veibfw2wix0CUwYODLD8nkj9UsLjASr49nPg+2eKzxhBV+v7L8pXvT4e639Q=="],

    "@vercel/cli-config": ["@vercel/cli-config@0.2.4", "", { "dependencies": { "xdg-app-paths": "5", "zod": "4.1.11" } }, "sha512-kZ5SojbrV06GHoU6QIWGwDXLov+s9rWZ7QqdqKfJfBGCNUieGfgaCjeeenNy8Y+QC0bwC0dZ2B4l5Hvdmrgpdw=="],

    "@vercel/cli-exec": ["@vercel/cli-exec@1.0.1", "", { "dependencies": { "execa": "5.1.1" } }, "sha512-g9XerViJ/paZujufXYcu5XYI2vU2rtB4sgdpjUHde5RnOkdmpu0ngH46LCFGHoPXO/C+qDPSczIHIRN+8Q2YKQ=="],

    "@vercel/connect": ["@vercel/connect@1.0.0", "", { "dependencies": { "@vercel/oidc": "3.8.5" }, "peerDependencies": { "@ai-sdk/mcp": "^1 || ^2", "@auth/core": ">=0.37.0", "@chat-adapter/slack": "^4.0.0", "ai": "^6 || ^7.0.0-beta.0", "better-auth": ">=1.5.0", "eve": ">=0.13.7" }, "optionalPeers": ["@ai-sdk/mcp", "@auth/core", "@chat-adapter/slack", "ai", "better-auth", "eve"] }, "sha512-otk4ElH9v+uimUwTz7ecjFn6vPsHJcFUzTNlL7VHrTcwKPw8PV17bgtquQExMoFPihlN44oF+fD2oIMnlM75nw=="],

    "@vercel/oidc": ["@vercel/oidc@3.8.5", "", { "dependencies": { "@vercel/cli-config": "0.2.4", "@vercel/cli-exec": "1.0.1", "jose": "^5.9.6" } }, "sha512-RwXYtnt6za+5UO4IaLywN/6B95AlLqynPRUWRJxeJ/qufwkcLUbZNUxYtzT0uMpuraWhlNcGqPNGkTnZr4BGBw=="],

    "@workflow/serde": ["@workflow/serde@4.1.0", "", {}, "sha512-pav4F2BoirECWR7Nf1TKt+2eETcBj7jj4cBefQ8VXQCA6NPkaKeLfj/zMgi+3zYV5ZIBT4GuUiphsj0/b9hPQQ=="],

    "ai": ["ai@7.0.90", "", { "dependencies": { "@ai-sdk/gateway": "4.0.72", "@ai-sdk/provider": "4.0.10", "@ai-sdk/provider-utils": "5.0.36" }, "peerDependencies": { "zod": "^3.25.76 || ^4.1.8" } }, "sha512-cvG7Od3DPlnnljkIXP1CQ8wABOfDqV1uBFWemBjGupiqcQD8O9SSg5m4FL+GiMA47NN7dxIJnaw8/uowwN+D2g=="],

    "anynum": ["anynum@1.0.1", "", {}, "sha512-N6//FLET/tXYNM/F6ABca1oH6fWB+KlTt909Le28WMDBk8oaT4vY17DCrwg2MvmuqUKt3Ni4N5dGJ/EoBgcO6A=="],

    "balanced-match": ["balanced-match@4.0.4", "", {}, "sha512-BLrgEcRTwX2o6gGxGOCNyMvGSp35YofuYzw9h1IMTRmKqttAZZVU67bdb9Pr2vUHA8+j3i2tJfjO6C6+4myGTA=="],

    "base64-js": ["base64-js@1.5.1", "", {}, "sha512-AKpaYlHn8t4SVbOHCy+b5+KKgvR4vrsD8vbvrbiQJps7fKDTkjkDry6ji0rUJjC0kzbNePLwzxq8iypo41qeWA=="],

    "bl": ["bl@4.1.0", "", { "dependencies": { "buffer": "^5.5.0", "inherits": "^2.0.4", "readable-stream": "^3.4.0" } }, "sha512-1W07cM9gS6DcLperZfFSj+bWLtaPGSOHWhPiGzXmvVJbRLdG82sH/Kn8EtW1VqWVA54AKf2h5k5BbnIbwF3h6w=="],

    "brace-expansion": ["brace-expansion@5.0.9", "", { "dependencies": { "balanced-match": "^4.0.2" } }, "sha512-ScQ4IuvIEF1TMlP7Zt+vjJ//9zlPb2SDcxWxM3bk8s6t6GGdJ7KO1dCcTidOPJKePW30LE/2cT7wCyPho9/Wxg=="],

    "buffer": ["buffer@5.7.1", "", { "dependencies": { "base64-js": "^1.3.1", "ieee754": "^1.1.13" } }, "sha512-EHcyIPBQ4BSGlvjB16k5KgAJ27CIsHY/2JBmCRReo48y9rQ3MaUzWX3KVlBa4U7MyX02HdVj0K7C3WaB3ju7FQ=="],

    "chownr": ["chownr@1.1.4", "", {}, "sha512-jJ0bqzaylmJtVnNgzTeSOs8DPavpbYgEr/b0YL8/2GO3xJEhInFmhKMUnEJQjZumK7KXGFhUy89PrsJWlakBVg=="],

    "commander": ["commander@6.2.1", "", {}, "sha512-U7VdrJFnJgo4xjrHpTzu0yrHPGImdsmD95ZlgYSEajAn2JKzDhDTPG9kBTefmObL2w/ngeZnilk+OV9CG3d7UA=="],

    "consola": ["consola@3.4.2", "", {}, "sha512-5IKcdX0nnYavi6G7TtOhwkYzyjfJlatbjMjuLSfE2kYT5pMDOilZ4OvMhi637CcDICTmz3wARPoyhqyX1Y+XvA=="],

    "cross-spawn": ["cross-spawn@7.0.6", "", { "dependencies": { "path-key": "^3.1.0", "shebang-command": "^2.0.0", "which": "^2.0.1" } }, "sha512-uV2QOWP2nWzsy2aMp8aRibhi9dlzF5Hgh5SHaB9OiTGEyDTiJJyx0uy51QXdyWbtAHNua4XJzUKca3OzKUd3vA=="],

    "crossws": ["crossws@0.4.12", "", { "peerDependencies": { "srvx": ">=0.11.5" }, "optionalPeers": ["srvx"] }, "sha512-aypfsr6t0uNvkqaZc6zvBfXzC6pLI0/sIulpkV6RwCVtZqG5ebBzv4weImKK0VNCj91Wl9F5j7p5WU4MNrybng=="],

    "db0": ["db0@0.3.4", "", { "peerDependencies": { "@electric-sql/pglite": "*", "@libsql/client": "*", "better-sqlite3": "*", "drizzle-orm": "*", "mysql2": "*", "sqlite3": "*" }, "optionalPeers": ["@electric-sql/pglite", "@libsql/client", "better-sqlite3", "drizzle-orm", "mysql2", "sqlite3"] }, "sha512-RiXXi4WaNzPTHEOu8UPQKMooIbqOEyqA1t7Z6MsdxSCeb8iUC9ko3LcmsLmeUt2SM5bctfArZKkRQggKZz7JNw=="],

    "debug": ["debug@4.4.3", "", { "dependencies": { "ms": "^2.1.3" } }, "sha512-RGwwWnwQvkVfavKVt22FGLw+xYSdzARwm0ru6DhTVA3umU5hZc28V3kO4stgYryrTlLpuvgI9GiijltAjNbcqA=="],

    "decompress-response": ["decompress-response@6.0.0", "", { "dependencies": { "mimic-response": "^3.1.0" } }, "sha512-aW35yZM6Bb/4oJlZncMH2LCoZtJXTRxES17vE3hoRiowU2kWHaJKFkSBDnDR+cm9J+9QhXmREyIfv0pji9ejCQ=="],

    "deep-extend": ["deep-extend@0.6.0", "", {}, "sha512-LOHxIOaPYdHlJRtCQfDIVZtfw/ufM8+rVj649RIHzcm/vGwQRXFt6OPqIFWsm2XEMrNIEtWR64sY1LEKD2vAOA=="],

    "detect-libc": ["detect-libc@2.1.2", "", {}, "sha512-Btj2BOOO83o3WyH59e8MgXsxEQVcarkUOpEYrubB0urwnN10yQ364rsiByU11nZlqWYZm05i/of7io4mzihBtQ=="],

    "diff": ["diff@8.0.4", "", {}, "sha512-DPi0FmjiSU5EvQV0++GFDOJ9ASQUVFh5kD+OzOnYdi7n3Wpm9hWWGfB/O2blfHcMVTL5WkQXSnRiK9makhrcnw=="],

    "end-of-stream": ["end-of-stream@1.4.5", "", { "dependencies": { "once": "^1.4.0" } }, "sha512-ooEGc6HP26xXq/N+GCGOT0JKCLDGrq2bQUZrQ7gyrJiZANJ/8YDTxTpQBXGMn+WbIQXNVpyWymm7KYVICQnyOg=="],

    "env-runner": ["env-runner@0.1.16", "", { "dependencies": { "crossws": "^0.4.8", "exsolve": "^1.1.0", "httpxy": "^0.5.4", "srvx": "^0.11.19" }, "peerDependencies": { "@netlify/runtime": "^4.1.23", "@vercel/queue": ">=0.2.0", "miniflare": "^4.20260515.0", "wrangler": "^4.0.0" }, "optionalPeers": ["@netlify/runtime", "@vercel/queue", "miniflare", "wrangler"], "bin": { "env-runner": "dist/cli.mjs" } }, "sha512-2LRJM4P2KLX6J83QZZrMqvgCDt/D5ea7wPcI3yYiy5cG/9rX5QwdwZFx0D7ktWnjdRyZxYjttGGorb5nFqb1CA=="],

    "eve": ["eve@0.49.0", "", { "dependencies": { "nitro": "3.0.260610-beta", "undici": "8.9.0" }, "peerDependencies": { "@opentelemetry/api": "^1.0.0", "ai": "^7.0.82", "braintrust": "^3.0.0", "just-bash": "^3.1.0", "microsandbox": "^0.5.0" }, "optionalPeers": ["@opentelemetry/api", "braintrust", "just-bash", "microsandbox"], "bin": { "eve": "./bin/eve.js" } }, "sha512-ij2RJtGs0RNO+1jKtneHfx/atP9LbjlBmyj8SHVoEsFGPgexOOrl1vlvxzIsI2/LY136VBhJ+Lak+dmPjMtpWA=="],

    "eventsource-parser": ["eventsource-parser@3.1.1", "", {}, "sha512-EKN1vKAMcZ8MlYMpaNuxN6R9yakzH6uajHcHVTqWJzvu5pWw9DyhbP35HH8MVBQ+dZjAfDxk+A8NiR9KWaXiyQ=="],

    "execa": ["execa@5.1.1", "", { "dependencies": { "cross-spawn": "^7.0.3", "get-stream": "^6.0.0", "human-signals": "^2.1.0", "is-stream": "^2.0.0", "merge-stream": "^2.0.0", "npm-run-path": "^4.0.1", "onetime": "^5.1.2", "signal-exit": "^3.0.3", "strip-final-newline": "^2.0.0" } }, "sha512-8uSpZZocAZRBAPIEINJj3Lo9HyGitllczc27Eh5YYojjMFMn8yHMDMaUHE2Jqfq05D/wucwI4JGURyXt1vchyg=="],

    "expand-template": ["expand-template@2.0.3", "", {}, "sha512-XYfuKMvj4O35f/pOXLObndIRvyQ+/+6AhODh+OKWj9S9498pHHn/IMszH+gt0fBCRWMNfk1ZSp5x3AifmnI2vg=="],

    "exsolve": ["exsolve@1.1.1", "", {}, "sha512-9U/jZUgjnSGyntRr6y5Muu1MJcwFl6kPu7k8qLF0IMNfLqvw0NZ4nnVDq0RVoZ0RvCyumib4Ez3KYrVfilrw+g=="],

    "fast-xml-builder": ["fast-xml-builder@1.3.1", "", { "dependencies": { "path-expression-matcher": "^1.6.2", "xml-naming": "^0.3.0" } }, "sha512-pIM/1n3ntFXKYrUZwW7QCK0gAW7XY+wzj1YMIV3tLDvPj/V+zTGJK5e3/4WJfwj0qWw2ElNXiTixda/R+3YSug=="],

    "fast-xml-parser": ["fast-xml-parser@5.11.1", "", { "dependencies": { "@nodable/entities": "^3.0.0", "fast-xml-builder": "^1.2.0", "is-unsafe": "^2.0.0", "path-expression-matcher": "^1.6.2", "strnum": "^2.4.2", "xml-naming": "^0.3.0" }, "bin": { "fxparser": "src/cli/cli.js" } }, "sha512-TBw6K/fxoQGGjCmZDw9w/ZwP3uDcnTM4YH/g+PFRWr8sbe5idXtxNN6vITh4+1ruCZaho6uBFurElsA7F0zzgw=="],

    "file-type": ["file-type@21.3.4", "", { "dependencies": { "@tokenizer/inflate": "^0.4.1", "strtok3": "^10.3.4", "token-types": "^6.1.1", "uint8array-extras": "^1.4.0" } }, "sha512-Ievi/yy8DS3ygGvT47PjSfdFoX+2isQueoYP1cntFW1JLYAuS4GD7NUPGg4zv2iZfV52uDyk5w5Z0TdpRS6Q1g=="],

    "fs-constants": ["fs-constants@1.0.0", "", {}, "sha512-y6OAwoSIf7FyjMIv94u+b5rdheZEjzR63GTyZJm5qh4Bi+2YgwLCcI/fPFZkL5PSixOt6ZNKm+w+Hfp/Bciwow=="],

    "get-stream": ["get-stream@6.0.1", "", {}, "sha512-ts6Wi+2j3jQjqi70w5AlN8DFnkSwC+MqmxEzdEALB2qXZYV3X/b1CTfgPLGJNMeAWxdPfU8FO1ms3NUfaHCPYg=="],

    "github-from-package": ["github-from-package@0.0.0", "", {}, "sha512-SyHy3T1v2NUXn29OsWdxmK6RwHD+vkj3v8en8AOBZ1wBQ/hCAQ5bAQTD02kW4W9tUp/3Qh6J8r9EvntiyCmOOw=="],

    "h3": ["h3@2.0.1-rc.22", "", { "dependencies": { "rou3": "^0.8.1", "srvx": "^0.11.15" }, "peerDependencies": { "crossws": "^0.4.1" }, "optionalPeers": ["crossws"], "bin": { "h3": "bin/h3.mjs" } }, "sha512-Esv0DMIuPkCTSWCA0vO73vcTqwzH1wjSrAO1TXNu/K3up1sZHa9EKMapbmxCDYBeymC3fVTk4qxp7ogQWQ+KgA=="],

    "hookable": ["hookable@6.1.1", "", {}, "sha512-U9LYDy1CwhMCnprUfeAZWZGByVbhd54hwepegYTK7Pi5NvqEj63ifz5z+xukznehT7i6NIZRu89Ay1AZmRsLEQ=="],

    "httpxy": ["httpxy@0.5.5", "", {}, "sha512-uDjmnPyp1q4Sgzf3w+J/Fc6UqcCEj0x4Wjp7OqK5dGhNeDgpyrAmnS6ey8QWrX3SWDon2DMKf9sBa5X9+CVyMA=="],

    "human-signals": ["human-signals@2.1.0", "", {}, "sha512-B4FFZ6q/T2jhhksgkbEW3HBvWIfDW85snkQgawt07S7J5QXTk6BkNV+0yAeZrM5QpMAdYlocGoljn0sJ/WQkFw=="],

    "ieee754": ["ieee754@1.2.1", "", {}, "sha512-dcyqhDvX1C46lXZcVqCpK+FtMRQVdIMN6/Df5js2zouUsqG7I6sFxitIC+7KYK29KdXOLHdu9zL4sFnoVQnqaA=="],

    "inherits": ["inherits@2.0.4", "", {}, "sha512-k/vGaX4/Yla3WzyMCvTQOXYeIHvqOKtnqBduzTHpzpQZzAskKMhZ2K+EnBiSM9zGSoIFeMpXKxa4dYeZIQqewQ=="],

    "ini": ["ini@6.0.0", "", {}, "sha512-IBTdIkzZNOpqm7q3dRqJvMaldXjDHWkEDfrwGEQTs5eaQMWV+djAhR+wahyNNMAa+qpbDUhBMVt4ZKNwpPm7xQ=="],

    "is-stream": ["is-stream@2.0.1", "", {}, "sha512-hFoiJiTl63nn+kstHGBtewWSKnQLpyb155KHheA1l39uvtO9nWIop1p3udqPcUd/xbF1VLMO4n7OI6p7RbngDg=="],

    "is-unsafe": ["is-unsafe@2.0.2", "", {}, "sha512-HgbIHPBH0KHHCcjLfGsCvhtPTVxjaAZlXjwdz7/GQC40SjSe4sfQsar8J5VFo8JOSbarkpV0OLG95bbaNd9aAQ=="],

    "isexe": ["isexe@2.0.0", "", {}, "sha512-RHxMLp9lnKHGHRng9QFhRCMbYAcVpn69smSGcq3f36xjgVVWThj4qqLbTLlq7Ssj8B+fIQ1EuCEGI2lKsyQeIw=="],

    "jose": ["jose@5.10.0", "", {}, "sha512-s+3Al/p9g32Iq+oqXxkW//7jk2Vig6FF1CFqzVXoTUXt2qz89YWbL+OwS17NFYEvxC35n0FKeGO2LGYSxeM2Gg=="],

    "json-schema": ["json-schema@0.4.0", "", {}, "sha512-es94M3nTIfsEPisRafak+HDLfHXnKBhV3vU5eqPcS3flIWqcxJWgXHXiey3YrpaNsanY5ei1VoYEbOzijuq9BA=="],

    "just-bash": ["just-bash@3.4.2", "", { "dependencies": { "diff": "^8.0.4", "fast-xml-parser": "^5.10.1", "file-type": "^21.3.4", "ini": "^6.0.0", "minimatch": "^10.2.6", "modern-tar": "^0.7.7", "papaparse": "^5.6.0", "quickjs-emscripten": "^0.32.0", "re2js": "^1.3.3", "seek-bzip": "^2.0.0", "smol-toml": "^1.8.0", "sprintf-js": "^1.1.3", "sql.js": "^1.14.1", "turndown": "^7.2.4", "undici": "^7.29.0", "yaml": "^2.9.0" }, "optionalDependencies": { "@mongodb-js/zstd": "^7.0.0", "node-liblzma": "^2.2.0" }, "bin": { "just-bash": "dist/bin/just-bash.js", "just-bash-shell": "dist/bin/shell/shell.js" } }, "sha512-T0Vpy7YRgCjxJdqG3tkxn0ZnIDLJvVwb8hH4L+6NVdp+Te27jQxjxnszW9ODjEKbWxWujj83rP5S0GQxCSufgg=="],

    "merge-stream": ["merge-stream@2.0.0", "", {}, "sha512-abv/qOcuPfk3URPfDzmZU1LKmuw8kT+0nIHvKrKgFrwifol/doWcdA4ZqsWQ8ENrFKkd67Mfpo/LovbIUsbt3w=="],

    "mimic-fn": ["mimic-fn@2.1.0", "", {}, "sha512-OqbOk5oEQeAZ8WXWydlu9HJjz9WVdEIvamMCcXmuqUYjTknH/sqsWvhQ3vgwKFRR1HpjvNBKQ37nbJgYzGqGcg=="],

    "mimic-response": ["mimic-response@3.1.0", "", {}, "sha512-z0yWI+4FDrrweS8Zmt4Ej5HdJmky15+L2e6Wgn3+iK5fWzb6T3fhNFq2+MeTRb064c6Wr4N/wv0DzQTjNzHNGQ=="],

    "minimatch": ["minimatch@10.2.6", "", { "dependencies": { "brace-expansion": "^5.0.8" } }, "sha512-vpLQEs+VLCr1nU0BXS07maYoFwlDAH0gngQuuttxIwutDFEMHq2blX+8vpgxDdK3J1PwjCJiep77OitTZ4Ll1A=="],

    "minimist": ["minimist@1.2.8", "", {}, "sha512-2yyAR8qBkN3YuheJanUpWC5U3bb5osDywNB8RzDVlDwDHbocAJveqqj1u8+SVD7jkWT4yvsHCpWqqWqAxb0zCA=="],

    "mkdirp-classic": ["mkdirp-classic@0.5.3", "", {}, "sha512-gKLcREMhtuZRwRAfqP3RFW+TK4JqApVBtOIftVgjuABpAtpxhPGaDcfvbhNvD0B8iD1oUr/txX35NjcaY6Ns/A=="],

    "modern-tar": ["modern-tar@0.7.7", "", {}, "sha512-t9VmxaqrmANnEOBhpSDI6HD192Ge48k8vmWqQQL7hSFEqHEYwZbbsu49+aKLWZeRvFs3j1pMhXOqqF4kPlvjkQ=="],

    "ms": ["ms@2.1.3", "", {}, "sha512-6FlzubTLZG3J2a/NVCAleEhjzq5oxgHyaCU9yYXvcLsvoVaHJq/s5xXI6/XXP6tz7R9xAOtHnSO/tXtF3WRTlA=="],

    "napi-build-utils": ["napi-build-utils@2.0.0", "", {}, "sha512-GEbrYkbfF7MoNaoh2iGG84Mnf/WZfB0GdGEsM8wz7Expx/LlWf5U8t9nvJKXSp3qr5IsEbK04cBGhol/KwOsWA=="],

    "nf3": ["nf3@0.3.24", "", {}, "sha512-HxLK4bo+5jNsEETZp4w3tJblHOA9MCBY14IN9nZJJV8JDxt9yNIYxuBuLMjTAR5GFa3HL61+8VQDUrXv3/C8fw=="],

    "nitro": ["nitro@3.0.260610-beta", "", { "dependencies": { "consola": "^3.4.2", "crossws": "^0.4.6", "db0": "^0.3.4", "env-runner": "^0.1.12", "h3": "2.0.1-rc.22", "hookable": "^6.1.1", "nf3": "^0.3.17", "ocache": "^0.1.5", "ofetch": "2.0.0-alpha.3", "ohash": "^2.0.11", "rolldown": "^1.1.0", "srvx": "^0.11.16", "unenv": "2.0.0-rc.24", "unstorage": "2.0.0-alpha.7" }, "peerDependencies": { "@vercel/queue": "^0.3.0", "dotenv": "*", "giget": "*", "jiti": "^2.7.0", "rollup": "^4.61.1", "vite": "^7 || ^8", "xml2js": "^0.6.2", "zephyr-agent": "^0.2.0" }, "optionalPeers": ["@vercel/queue", "dotenv", "giget", "jiti", "rollup", "vite", "xml2js", "zephyr-agent"], "bin": { "nitro": "dist/cli/index.mjs" } }, "sha512-KPb4L5yaF/Rx/xoGMpgHRJvZhbhGiqbRKOwwPLCH9jKTKTsEUHLjnJas85AeCzaswqa8Wi52eQBtRsODC4PS0Q=="],

    "node-abi": ["node-abi@3.96.0", "", { "dependencies": { "semver": "^7.3.5" } }, "sha512-rebQ/lz7i0EkoLzUVSrKRzA69zMkwLp95kKMWoMDkkM00Suxz0D7zEQPwRml5fQum24mj7bPvmlgLAmu2JCiYg=="],

    "node-addon-api": ["node-addon-api@8.9.2", "", {}, "sha512-VijLXbi3UACN69I0JVXJsX4tjACjNoQDgv2gTF6sx2wWEi8tkSg2eX8p5gSIFi8z2+DL3oHmY6OyKce38SDolg=="],

    "node-gyp-build": ["node-gyp-build@4.8.4", "", { "bin": { "node-gyp-build": "bin.js", "node-gyp-build-optional": "optional.js", "node-gyp-build-test": "build-test.js" } }, "sha512-LA4ZjwlnUblHVgq0oBF3Jl/6h/Nvs5fzBLwdEF4nuxnFdsfajde4WfxtJr3CaiH+F6ewcIB/q4jQ4UzPyid+CQ=="],

    "node-liblzma": ["node-liblzma@2.2.0", "", { "dependencies": { "node-addon-api": "^8.5.0", "node-gyp-build": "^4.8.4" }, "bin": { "nxz": "lib/cli/nxz.js" } }, "sha512-s0KzNOWwOJJgPG6wxg6cKohnAl9Wk/oW1KrQaVzJBjQwVcUGPQCzpR46Ximygjqj/3KhOrtJXnYMp/xYAXp75g=="],

    "npm-run-path": ["npm-run-path@4.0.1", "", { "dependencies": { "path-key": "^3.0.0" } }, "sha512-S48WzZW777zhNIrn7gxOlISNAqi9ZC/uQFnRdbeIHhZhCA6UqpkOT8T1G7BvfdgP4Er8gF4sUbaS0i7QvIfCWw=="],

    "ocache": ["ocache@0.1.5", "", { "dependencies": { "ohash": "^2.0.11" } }, "sha512-kNNnkkVQup/QDvmTz8Q84wc2ntiyoVHDxa6eHWKt5qdGAmFRBIxy83rxgCYEjW0x06UJ9E3P6VgM2yY4rOBH4w=="],

    "ofetch": ["ofetch@2.0.0-alpha.3", "", {}, "sha512-zpYTCs2byOuft65vI3z43Dd6iSdFbOZZLb9/d21aCpx2rGastVU9dOCv0lu4ykc1Ur1anAYjDi3SUvR0vq50JA=="],

    "ohash": ["ohash@2.0.12", "", {}, "sha512-65S/5gk9YSsaRjcyf7Nfa6h/d3E8/1gslpXfI4W7Dxn/oap8IKRuNT5VXkLQ1YFKIEg4apRY4Pj6aiwFzrDdmw=="],

    "once": ["once@1.4.0", "", { "dependencies": { "wrappy": "1" } }, "sha512-lNaJgI+2Q5URQBkccEKHTQOPaXdUxnZZElQTZY0MFUAuaEqe1E+Nyvgdz/aIyNi6Z9MzO5dv1H8n58/GELp3+w=="],

    "onetime": ["onetime@5.1.2", "", { "dependencies": { "mimic-fn": "^2.1.0" } }, "sha512-kbpaSSGJTWdAY5KPVeMOKXSrPtr8C8C7wodJbcsd51jRnmD+GZu8Y0VoU6Dm5Z4vWr0Ig/1NKuWRKf7j5aaYSg=="],

    "os-paths": ["os-paths@4.4.0", "", {}, "sha512-wrAwOeXp1RRMFfQY8Sy7VaGVmPocaLwSFOYCGKSyo8qmJ+/yaafCl5BCA1IQZWqFSRBrKDYFeR9d/VyQzfH/jg=="],

    "papaparse": ["papaparse@5.7.0", "", {}, "sha512-qBGxg/7Q3Kl9Wfhrz2Z74UnvnHTXLNG6jmKJFeBvP2+y4lV7So+7SR62+Zd47JvdrCkX+nDcnr0ObPzek/+6RA=="],

    "path-expression-matcher": ["path-expression-matcher@1.6.2", "", {}, "sha512-enSlaiat05iasnzmgNxRj8reFdj3puY2QpNgP1aPIaVfT6nn9ICuPoFlKHk8EN22HcwewshO+mN2DGbkCEOtqQ=="],

    "path-key": ["path-key@3.1.1", "", {}, "sha512-ojmeN0qd+y0jszEtoY48r0Peq5dwMEkIlCOu6Q5f41lfkswXuKtYrhgoTpLnyIcHm24Uhqx+5Tqm2InSwLhE6Q=="],

    "pathe": ["pathe@2.0.3", "", {}, "sha512-WUjGcAqP1gQacoQe+OBJsFA7Ld4DyXuUIjZ5cc75cLHvJ7dtNsTugphxIADwspS+AraAUePCKrSVtPLFj/F88w=="],

    "prebuild-install": ["prebuild-install@7.1.3", "", { "dependencies": { "detect-libc": "^2.0.0", "expand-template": "^2.0.3", "github-from-package": "0.0.0", "minimist": "^1.2.3", "mkdirp-classic": "^0.5.3", "napi-build-utils": "^2.0.0", "node-abi": "^3.3.0", "pump": "^3.0.0", "rc": "^1.2.7", "simple-get": "^4.0.0", "tar-fs": "^2.0.0", "tunnel-agent": "^0.6.0" }, "bin": { "prebuild-install": "bin.js" } }, "sha512-8Mf2cbV7x1cXPUILADGI3wuhfqWvtiLA1iclTDbFRZkgRQS0NqsPZphna9V+HyTEadheuPmjaJMsbzKQFOzLug=="],

    "pump": ["pump@3.0.4", "", { "dependencies": { "end-of-stream": "^1.1.0", "once": "^1.3.1" } }, "sha512-VS7sjc6KR7e1ukRFhQSY5LM2uBWAUPiOPa/A3mkKmiMwSmRFUITt0xuj+/lesgnCv+dPIEYlkzrcyXgquIHMcA=="],

    "quickjs-emscripten": ["quickjs-emscripten@0.32.0", "", { "dependencies": { "@jitl/quickjs-wasmfile-debug-asyncify": "0.32.0", "@jitl/quickjs-wasmfile-debug-sync": "0.32.0", "@jitl/quickjs-wasmfile-release-asyncify": "0.32.0", "@jitl/quickjs-wasmfile-release-sync": "0.32.0", "quickjs-emscripten-core": "0.32.0" } }, "sha512-So0Sqw869y/S2oE3Nuc0uT3Dhqgvsj8FSrwBdsuTosVsG8ME5/OcudU1GxsrIFdFABgy17GHnTVO9TYV/bLQcA=="],

    "quickjs-emscripten-core": ["quickjs-emscripten-core@0.32.0", "", { "dependencies": { "@jitl/quickjs-ffi-types": "0.32.0" } }, "sha512-QFnPfjFey8EqknSrSxe1hZrf1/8z7/6s1QzGOmKo6++02r7QRRX7ZoyNaZh7JuVjWsVW87KnQrbZqnHkOAzUyg=="],

    "rc": ["rc@1.2.8", "", { "dependencies": { "deep-extend": "^0.6.0", "ini": "~1.3.0", "minimist": "^1.2.0", "strip-json-comments": "~2.0.1" }, "bin": { "rc": "./cli.js" } }, "sha512-y3bGgqKj3QBdxLbLkomlohkvsA8gdAiUQlSBJnBhfn+BPxg4bc62d8TcBW15wavDfgexCgccckhcZvywyQYPOw=="],

    "re2js": ["re2js@1.4.0", "", {}, "sha512-KTOIcZTSOpOxbu3i0+T6mFQ6tkxXKlTxfcMFs1trQbsMnG84qNq+DjXr8Afu+FEFjvF1NNlldpC7roPyazFI8g=="],

    "readable-stream": ["readable-stream@3.6.2", "", { "dependencies": { "inherits": "^2.0.3", "string_decoder": "^1.1.1", "util-deprecate": "^1.0.1" } }, "sha512-9u/sniCrY3D5WdsERHzHE4G2YCXqoG5FTHUiCC4SIbr6XcLZBY05ya9EKjYek9O5xOAwjGq+1JdGBAS7Q9ScoA=="],

    "rolldown": ["rolldown@1.2.6", "", { "dependencies": { "@oxc-project/types": "=0.147.0", "@rolldown/pluginutils": "^1.0.0" }, "optionalDependencies": { "@rolldown/binding-android-arm-eabi": "1.2.6", "@rolldown/binding-android-arm64": "1.2.6", "@rolldown/binding-darwin-arm64": "1.2.6", "@rolldown/binding-darwin-x64": "1.2.6", "@rolldown/binding-freebsd-x64": "1.2.6", "@rolldown/binding-linux-arm-gnueabihf": "1.2.6", "@rolldown/binding-linux-arm64-gnu": "1.2.6", "@rolldown/binding-linux-arm64-musl": "1.2.6", "@rolldown/binding-linux-ppc64-gnu": "1.2.6", "@rolldown/binding-linux-s390x-gnu": "1.2.6", "@rolldown/binding-linux-x64-gnu": "1.2.6", "@rolldown/binding-linux-x64-musl": "1.2.6", "@rolldown/binding-openharmony-arm64": "1.2.6", "@rolldown/binding-win32-arm64-msvc": "1.2.6", "@rolldown/binding-win32-x64-msvc": "1.2.6" }, "bin": { "rolldown": "./bin/cli.mjs" } }, "sha512-vMM4q3aixf46GiF1Kok8jDPFsEpXgFWGjUHXNkNHNm+Y2adXAG2dbX91jkti3i0ZRsOlcmbuzAz1poObSHCmUA=="],

    "rou3": ["rou3@0.8.1", "", {}, "sha512-ePa+XGk00/3HuCqrEnK3LxJW7I0SdNg6EFzKUJG73hMAdDcOUC/i/aSz7LSDwLrGr33kal/rqOGydzwl6U7zBA=="],

    "safe-buffer": ["safe-buffer@5.2.1", "", {}, "sha512-rp3So07KcdmmKbGvgaNxQSJr7bGVSVk5S9Eq1F+ppbRo70+YeaDxkw5Dd8NPN+GD6bjnYm2VuPuCXmpuYvmCXQ=="],

    "seek-bzip": ["seek-bzip@2.0.0", "", { "dependencies": { "commander": "^6.0.0" }, "bin": { "seek-bunzip": "bin/seek-bunzip", "seek-table": "bin/seek-bzip-table" } }, "sha512-SMguiTnYrhpLdk3PwfzHeotrcwi8bNV4iemL9tx9poR/yeaMYwB9VzR1w7b57DuWpuqR8n6oZboi0hj3AxZxQg=="],

    "semver": ["semver@7.8.5", "", { "bin": { "semver": "bin/semver.js" } }, "sha512-Y7/KDsb8LjooZpwaqGyulO6DQlksgCncchHGk+sZIY4SBvUocMBEFH5Ur1fI4dV+Jvl0w6cjvucaIi40puRioA=="],

    "shebang-command": ["shebang-command@2.0.0", "", { "dependencies": { "shebang-regex": "^3.0.0" } }, "sha512-kHxr2zZpYtdmrN1qDjrrX/Z1rR1kG8Dx+gkpK1G4eXmvXswmcE1hTWBWYUzlraYw1/yZp6YuDY77YtvbN0dmDA=="],

    "shebang-regex": ["shebang-regex@3.0.0", "", {}, "sha512-7++dFhtcx3353uBaq8DDR4NuxBetBzC7ZQOhmTQInHEd6bSrXdiEyzCvG07Z44UYdLShWUyXt5M/yhz8ekcb1A=="],

    "signal-exit": ["signal-exit@3.0.7", "", {}, "sha512-wnD2ZE+l+SPC/uoS0vXeE9L1+0wuaMqKlfz9AMUo38JsyLSBWSFcHR1Rri62LZc12vLr1gb3jl7iwQhgwpAbGQ=="],

    "simple-concat": ["simple-concat@1.0.1", "", {}, "sha512-cSFtAPtRhljv69IK0hTVZQ+OfE9nePi/rtJmw5UjHeVyVroEqJXP1sFztKUy1qU+xvz3u/sfYJLa947b7nAN2Q=="],

    "simple-get": ["simple-get@4.0.1", "", { "dependencies": { "decompress-response": "^6.0.0", "once": "^1.3.1", "simple-concat": "^1.0.0" } }, "sha512-brv7p5WgH0jmQJr1ZDDfKDOSeWWg+OVypG99A/5vYGPqJ6pxiaHLy8nxtFjBA7oMa01ebA9gfh1uMCFqOuXxvA=="],

    "smol-toml": ["smol-toml@1.8.0", "", {}, "sha512-kCZr2V3ch9i00x8zXRhjUNVcjG9ijES5dDudkXvUVCT5QlJNQWElSJdZqyPemffHoLNUYwOcou0Fy+ojN0uHSQ=="],

    "sprintf-js": ["sprintf-js@1.1.3", "", {}, "sha512-Oo+0REFV59/rz3gfJNKQiBlwfHaSESl1pcGyABQsnnIfWOFt6JNj5gCog2U6MLZ//IGYD+nA8nI+mTShREReaA=="],

    "sql.js": ["sql.js@1.14.2", "", {}, "sha512-3ZGPovObMFrdw79zrUHbfdE/DLIsy8jdNdssmMSQuRAymedU6q84asPt0kgiqrdMYlPegDItiIMfmIXzZnYFcw=="],

    "srvx": ["srvx@0.11.22", "", { "bin": { "srvx": "bin/srvx.mjs" } }, "sha512-LqZxxBDMKuMAZzFzJnDCkFOrs9MZQZr0LvHiO/SuSZVdQaXD7xQ5UWTUxheJrQPve1qk9MG2B/yttUvJxw8egQ=="],

    "string_decoder": ["string_decoder@1.3.0", "", { "dependencies": { "safe-buffer": "~5.2.0" } }, "sha512-hkRX8U1WjJFd8LsDJ2yQ/wWWxaopEsABU1XfkM8A+j0+85JAGppt16cr1Whg6KIbb4okU6Mql6BOj+uup/wKeA=="],

    "strip-final-newline": ["strip-final-newline@2.0.0", "", {}, "sha512-BrpvfNAE3dcvq7ll3xVumzjKjZQ5tI1sEUIKr3Uoks0XUl45St3FlatVqef9prk4jRDzhW6WZg+3bk93y6pLjA=="],

    "strip-json-comments": ["strip-json-comments@2.0.1", "", {}, "sha512-4gB8na07fecVVkOI6Rs4e7T6NOTki5EmL7TUduTs6bu3EdnSycntVJ4re8kgZA+wx9IueI2Y11bfbgwtzuE0KQ=="],

    "strnum": ["strnum@2.4.2", "", { "dependencies": { "anynum": "^1.0.1" } }, "sha512-rDG3Ah4TV0k1hWvLSzkZtMmLN9+eS+h3knq4MP6A42Y3Yh5qGNnOUs1jJkoSr8FG5dsL28c7KgkIBzSEykqtuw=="],

    "strtok3": ["strtok3@10.3.5", "", { "dependencies": { "@tokenizer/token": "^0.3.0" } }, "sha512-ki4hZQfh5rX0QDLLkOCj+h+CVNkqmp/CMf8v8kZpkNVK6jGQooMytqzLZYUVYIZcFZ6yDB70EfD8POcFXiF5oA=="],

    "tar-fs": ["tar-fs@2.1.5", "", { "dependencies": { "chownr": "^1.1.1", "mkdirp-classic": "^0.5.2", "pump": "^3.0.0", "tar-stream": "^2.1.4" } }, "sha512-OboTd8mmMhZDNPV+UjQcK9yKAatXu2aJ+r1w4im1Otd4M4fl2hwvdoXUxIYHFTHWK/3y3FarBP70v3vwmGlOxw=="],

    "tar-stream": ["tar-stream@2.2.0", "", { "dependencies": { "bl": "^4.0.3", "end-of-stream": "^1.4.1", "fs-constants": "^1.0.0", "inherits": "^2.0.3", "readable-stream": "^3.1.1" } }, "sha512-ujeqbceABgwMZxEJnk2HDY2DlnUZ+9oEcb1KzTVfYHio0UE6dG71n60d8D2I4qNvleWrrXpmjpt7vZeF1LnMZQ=="],

    "token-types": ["token-types@6.1.2", "", { "dependencies": { "@borewit/text-codec": "^0.2.1", "@tokenizer/token": "^0.3.0", "ieee754": "^1.2.1" } }, "sha512-dRXchy+C0IgK8WPC6xvCHFRIWYUbqqdEIKPaKo/AcTUNzwLTK6AH7RjdLWsEZcAN/TBdtfUw3PYEgPr5VPr6ww=="],

    "tunnel-agent": ["tunnel-agent@0.6.0", "", { "dependencies": { "safe-buffer": "^5.0.1" } }, "sha512-McnNiV1l8RYeY8tBgEpuodCC1mLUdbSN+CYBL7kJsJNInOP8UjDDEwdk6Mw60vdLLrr5NHKZhMAOSrR2NZuQ+w=="],

    "turndown": ["turndown@7.2.4", "", { "dependencies": { "@mixmark-io/domino": "^2.2.0" } }, "sha512-I8yFsfRzmzK0WV1pNNOA4A7y4RDfFxPRxb3t+e3ui14qSGOxGtiSP6GjeX+Y6CHb7HYaFj7ECUD7VE5kQMZWGQ=="],

    "typescript": ["typescript@5.9.3", "", { "bin": { "tsc": "bin/tsc", "tsserver": "bin/tsserver" } }, "sha512-jl1vZzPDinLr9eUt3J/t7V6FgNEw9QjvBPdysz9KfQDD41fQrC2Y4vKQdiaUpFT4bXlb1RHhLpp8wtm6M5TgSw=="],

    "uint8array-extras": ["uint8array-extras@1.5.0", "", {}, "sha512-rvKSBiC5zqCCiDZ9kAOszZcDvdAHwwIKJG33Ykj43OKcWsnmcBRL09YTU4nOeHZ8Y2a7l1MgTd08SBe9A8Qj6A=="],

    "undici": ["undici@8.9.0", "", {}, "sha512-aWZpUj7XoGonMClx4gdDRfgBjqeA+F473aDmROQQbM9n6PRfK/u1q/a0X4wMTgcHfT8H6fpbt98PFuDUwFg2YA=="],

    "undici-types": ["undici-types@7.18.2", "", {}, "sha512-AsuCzffGHJybSaRrmr5eHr81mwJU3kjw6M+uprWvCXiNeN9SOGwQ3Jn8jb8m3Z6izVgknn1R0FTCEAP2QrLY/w=="],

    "unenv": ["unenv@2.0.0-rc.24", "", { "dependencies": { "pathe": "^2.0.3" } }, "sha512-i7qRCmY42zmCwnYlh9H2SvLEypEFGye5iRmEMKjcGi7zk9UquigRjFtTLz0TYqr0ZGLZhaMHl/foy1bZR+Cwlw=="],

    "unstorage": ["unstorage@2.0.0-alpha.7", "", { "peerDependencies": { "@azure/app-configuration": "^1.11.0", "@azure/cosmos": "^4.9.1", "@azure/data-tables": "^13.3.2", "@azure/identity": "^4.13.0", "@azure/keyvault-secrets": "^4.10.0", "@azure/storage-blob": "^12.31.0", "@capacitor/preferences": "^6 || ^7 || ^8", "@deno/kv": ">=0.13.0", "@netlify/blobs": "^6.5.0 || ^7.0.0 || ^8.1.0 || ^9.0.0 || ^10.0.0", "@planetscale/database": "^1.19.0", "@upstash/redis": "^1.36.2", "@vercel/blob": ">=0.27.3", "@vercel/functions": "^2.2.12 || ^3.0.0", "@vercel/kv": "^1.0.1", "aws4fetch": "^1.0.20", "chokidar": "^4 || ^5", "db0": ">=0.3.4", "idb-keyval": "^6.2.2", "ioredis": "^5.9.3", "lru-cache": "^11.2.6", "mongodb": "^6 || ^7", "ofetch": "*", "uploadthing": "^7.7.4" }, "optionalPeers": ["@azure/app-configuration", "@azure/cosmos", "@azure/data-tables", "@azure/identity", "@azure/keyvault-secrets", "@azure/storage-blob", "@capacitor/preferences", "@deno/kv", "@netlify/blobs", "@planetscale/database", "@upstash/redis", "@vercel/blob", "@vercel/functions", "@vercel/kv", "aws4fetch", "chokidar", "db0", "idb-keyval", "ioredis", "lru-cache", "mongodb", "ofetch", "uploadthing"] }, "sha512-ELPztchk2zgFJnakyodVY3vJWGW9jy//keJ32IOJVGUMyaPydwcA1FtVvWqT0TNRch9H+cMNEGllfVFfScImog=="],

    "util-deprecate": ["util-deprecate@1.0.2", "", {}, "sha512-EPD5q1uXyFxJpCrLnCc1nHnq3gOa6DZBocAIiI2TaSCA7VCJ1UJDMagCzIkXNsUYfD1daK//LTEQ8xiIbrHtcw=="],

    "which": ["which@2.0.2", "", { "dependencies": { "isexe": "^2.0.0" }, "bin": { "node-which": "./bin/node-which" } }, "sha512-BLI3Tl1TW3Pvl70l3yq3Y64i+awpwXqsGBYWkkqMtnbXgrMD+yj7rhW0kuEDxzJaYXGjEW5ogapKNMEKNMjibA=="],

    "wrappy": ["wrappy@1.0.2", "", {}, "sha512-l4Sp/DRseor9wL6EvV2+TuQn63dMkPjZ/sp9XkghTEbV9KlPS1xUsZ3u7/IQO4wxtcFB4bgpQPRcR3QCvezPcQ=="],

    "xdg-app-paths": ["xdg-app-paths@5.5.1", "", { "dependencies": { "os-paths": "^4.0.1", "xdg-portable": "^7.2.0" } }, "sha512-hI3flOB4PLZIy5prbtTpirobtPE2ZtZ52szO+2mM9Efp6ErM398La+C1lIpNWDfNoQk+6Lsi6nMcCwVB7pxeMQ=="],

    "xdg-portable": ["xdg-portable@7.3.0", "", { "dependencies": { "os-paths": "^4.0.1" } }, "sha512-sqMMuL1rc0FmMBOzCpd0yuy9trqF2yTTVe+E9ogwCSWQCdDEtQUwrZPT6AxqtsFGRNxycgncbP/xmOOSPw5ZUw=="],

    "xml-naming": ["xml-naming@0.3.0", "", {}, "sha512-ghig2TBE/H11aOVgmahA3MhimvkBr6JIYknH/Dhdk10nXwdbIqBJsbfMxpvFPG8bAw77gN29aQWvKpmVoPlvPQ=="],

    "yaml": ["yaml@2.9.0", "", { "bin": { "yaml": "bin.mjs" } }, "sha512-2AvhNX3mb8zd6Zy7INTtSpl1F15HW6Wnqj0srWlkKLcpYl/gMIMJiyuGq2KeI2YFxUPjdlB+3Lc10seMLtL4cA=="],

    "zod": ["zod@4.5.4", "", {}, "sha512-sC95tT5iHHH9gtpj6A81kh+NEaRAUFN+qlUPDUbRfOMvNf5QCBqsb3WgvnpVtK5Y+4UfA6KqufotuTvMGiTlsA=="],

    "@ai-sdk/gateway/@vercel/oidc": ["@vercel/oidc@3.2.0", "", {}, "sha512-UycprH3T6n3jH0k44NHMa7pnFHGu/N05MjojYr+Mc6I7obkoLIJujSWwin1pCvdy/eOxrI/l3uDLQsmcrOb4ug=="],

    "@ai-sdk/provider-utils/undici": ["undici@7.29.0", "", {}, "sha512-IDxfleLmmbSskfWSUATiN1nfn2rDuvnMOqb5CWR92iIfojA0Ud+ulOAAEQ57LPr9rWmsreUyf5lwyao+7GNNVw=="],

    "@vercel/cli-config/zod": ["zod@4.1.11", "", {}, "sha512-WPsqwxITS2tzx1bzhIKsEs19ABD5vmCVa4xBo2tq/SrV4RNZtfws1EnCWQXM6yh8bD08a1idvkB5MZSBiZsjwg=="],

    "just-bash/undici": ["undici@7.29.0", "", {}, "sha512-IDxfleLmmbSskfWSUATiN1nfn2rDuvnMOqb5CWR92iIfojA0Ud+ulOAAEQ57LPr9rWmsreUyf5lwyao+7GNNVw=="],

    "rc/ini": ["ini@1.3.8", "", {}, "sha512-JV/yugV2uzW5iMRSiZAyDtQd+nxtUnjeLt0acNdw98kKLrvuRVyB80tsREOE7yvGVgalhZ6RNXCmEHkUKBKxew=="],
  }
}
